
Microsoft Visual Studio Solution File, Format Version 12.00
# Visual Studio Version 16
VisualStudioVersion = 16.0.30611.23
MinimumVisualStudioVersion = 10.0.40219.1
Project("{9A19103F-16F7-4668-BE54-9A1E7A4F7556}") = "CommonTypes", "CommonTypes\CommonTypes.csproj", "{655980C3-47D3-4C07-9A6D-41FE32E35274}"
EndProject
Project("{FAE04EC0-301F-11D3-BF4B-00C04F79EFBC}") = "FileSignature", "FileSignature\FileSignature.csproj", "{BA01CB19-E162-4792-A8F6-2BDC26695987}"
EndProject
Global
	GlobalSection(SolutionConfigurationPlatforms) = preSolution
		Debug|Any CPU = Debug|Any CPU
		Release|Any CPU = Release|Any CPU
	EndGlobalSection
	GlobalSection(ProjectConfigurationPlatforms) = postSolution
		{655980C3-47D3-4C07-9A6D-41FE32E35274}.Debug|Any CPU.ActiveCfg = Debug|Any CPU
		{655980C3-47D3-4C07-9A6D-41FE32E35274}.Debug|Any CPU.Build.0 = Debug|Any CPU
		{655980C3-47D3-4C07-9A6D-41FE32E35274}.Release|Any CPU.ActiveCfg = Release|Any CPU
		{655980C3-47D3-4C07-9A6D-41FE32E35274}.Release|Any CPU.Build.0 = Release|Any CPU
		{BA01CB19-E162-4792-A8F6-2BDC26695987}.Debug|Any CPU.ActiveCfg = Debug|Any CPU
		{BA01CB19-E162-4792-A8F6-2BDC26695987}.Debug|Any CPU.Build.0 = Debug|Any CPU
		{BA01CB19-E162-4792-A8F6-2BDC26695987}.Release|Any CPU.ActiveCfg = Release|Any CPU
		{BA01CB19-E162-4792-A8F6-2BDC26695987}.Release|Any CPU.Build.0 = Release|Any CPU
	EndGlobalSection
	GlobalSection(SolutionProperties) = preSolution
		HideSolutionNode = FALSE
	EndGlobalSection
	GlobalSection(ExtensibilityGlobals) = postSolution
		SolutionGuid = {36F97302-F10F-4B37-8C07-54BD7C0F4161}
	EndGlobalSection
EndGlobal
